// !$*UTF8*$!
{
	archiveVersion = 1;
	classes = {
	};
	objectVersion = 48;
	objects = {

/* Begin PBXBuildFile section */
		9B089382202C3F400092BCC9 /* main.swift in Sources */ = {isa = PBXBuildFile; fileRef = 9B089381202C3F400092BCC9 /* main.swift */; };
		9B089389202C3F540092BCC9 /* product.swift in Sources */ = {isa = PBXBuildFile; fileRef = 9B089388202C3F540092BCC9 /* product.swift */; };
		9B08938B202C423B0092BCC9 /* cartitem.swift in Sources */ = {isa = PBXBuildFile; fileRef = 9B08938A202C423B0092BCC9 /* cartitem.swift */; };
		9B08938D202C45320092BCC9 /* person.swift in Sources */ = {isa = PBXBuildFile; fileRef = 9B08938C202C45320092BCC9 /* person.swift */; };
		9B08938F202C45430092BCC9 /* license.swift in Sources */ = {isa = PBXBuildFile; fileRef = 9B08938E202C45430092BCC9 /* license.swift */; };
		9B089391202C49E00092BCC9 /* manufacturer.swift in Sources */ = {isa = PBXBuildFile; fileRef = 9B089390202C49E00092BCC9 /* manufacturer.swift */; };
		9B089393202C4BF70092BCC9 /* vehicle.swift in Sources */ = {isa = PBXBuildFile; fileRef = 9B089392202C4BF70092BCC9 /* vehicle.swift */; };
		9B089395202C51020092BCC9 /* preference.swift in Sources */ = {isa = PBXBuildFile; fileRef = 9B089394202C51020092BCC9 /* preference.swift */; };
/* End PBXBuildFile section */

/* Begin PBXCopyFilesBuildPhase section */
		9B08937C202C3F400092BCC9 /* CopyFiles */ = {
			isa = PBXCopyFilesBuildPhase;
			buildActionMask = 2147483647;
			dstPath = /usr/share/man/man1/;
			dstSubfolderSpec = 0;
			files = (
			);
			runOnlyForDeploymentPostprocessing = 1;
		};
/* End PBXCopyFilesBuildPhase section */

/* Begin PBXFileReference section */
		9B08937E202C3F400092BCC9 /* Day9 */ = {isa = PBXFileReference; explicitFileType = "compiled.mach-o.executable"; includeInIndex = 0; path = Day9; sourceTree = BUILT_PRODUCTS_DIR; };
		9B089381202C3F400092BCC9 /* main.swift */ = {isa = PBXFileReference; lastKnownFileType = sourcecode.swift; path = main.swift; sourceTree = "<group>"; };
		9B089388202C3F540092BCC9 /* product.swift */ = {isa = PBXFileReference; lastKnownFileType = sourcecode.swift; path = product.swift; sourceTree = "<group>"; };
		9B08938A202C423B0092BCC9 /* cartitem.swift */ = {isa = PBXFileReference; lastKnownFileType = sourcecode.swift; path = cartitem.swift; sourceTree = "<group>"; };
		9B08938C202C45320092BCC9 /* person.swift */ = {isa = PBXFileReference; lastKnownFileType = sourcecode.swift; path = person.swift; sourceTree = "<group>"; };
		9B08938E202C45430092BCC9 /* license.swift */ = {isa = PBXFileReference; lastKnownFileType = sourcecode.swift; path = license.swift; sourceTree = "<group>"; };
		9B089390202C49E00092BCC9 /* manufacturer.swift */ = {isa = PBXFileReference; lastKnownFileType = sourcecode.swift; path = manufacturer.swift; sourceTree = "<group>"; };
		9B089392202C4BF70092BCC9 /* vehicle.swift */ = {isa = PBXFileReference; lastKnownFileType = sourcecode.swift; path = vehicle.swift; sourceTree = "<group>"; };
		9B089394202C51020092BCC9 /* preference.swift */ = {isa = PBXFileReference; lastKnownFileType = sourcecode.swift; path = preference.swift; sourceTree = "<group>"; };
/* End PBXFileReference section */

/* Begin PBXFrameworksBuildPhase section */
		9B08937B202C3F400092BCC9 /* Frameworks */ = {
			isa = PBXFrameworksBuildPhase;
			buildActionMask = 2147483647;
			files = (
			);
			runOnlyForDeploymentPostprocessing = 0;
		};
/* End PBXFrameworksBuildPhase section */

/* Begin PBXGroup section */
		9B089375202C3F400092BCC9 = {
			isa = PBXGroup;
			children = (
				9B089380202C3F400092BCC9 /* Day9 */,
				9B08937F202C3F400092BCC9 /* Products */,
			);
			sourceTree = "<group>";
		};
		9B08937F202C3F400092BCC9 /* Products */ = {
			isa = PBXGroup;
			children = (
				9B08937E202C3F400092BCC9 /* Day9 */,
			);
			name = Products;
			sourceTree = "<group>";
		};
		9B089380202C3F400092BCC9 /* Day9 */ = {
			isa = PBXGroup;
			children = (
				9B089381202C3F400092BCC9 /* main.swift */,
				9B089392202C4BF70092BCC9 /* vehicle.swift */,
				9B089394202C51020092BCC9 /* preference.swift */,
				9B089390202C49E00092BCC9 /* manufacturer.swift */,
				9B08938C202C45320092BCC9 /* person.swift */,
				9B08938E202C45430092BCC9 /* license.swift */,
				9B089388202C3F540092BCC9 /* product.swift */,
				9B08938A202C423B0092BCC9 /* cartitem.swift */,
			);
			path = Day9;
			sourceTree = "<group>";
		};
/* End PBXGroup section */

/* Begin PBXNativeTarget section */
		9B08937D202C3F400092BCC9 /* Day9 */ = {
			isa = PBXNativeTarget;
			buildConfigurationList = 9B089385202C3F400092BCC9 /* Build configuration list for PBXNativeTarget "Day9" */;
			buildPhases = (
				9B08937A202C3F400092BCC9 /* Sources */,
				9B08937B202C3F400092BCC9 /* Frameworks */,
				9B08937C202C3F400092BCC9 /* CopyFiles */,
			);
			buildRules = (
			);
			dependencies = (
			);
			name = Day9;
			productName = Day9;
			productReference = 9B08937E202C3F400092BCC9 /* Day9 */;
			productType = "com.apple.product-type.tool";
		};
/* End PBXNativeTarget section */

/* Begin PBXProject section */
		9B089376202C3F400092BCC9 /* Project object */ = {
			isa = PBXProject;
			attributes = {
				LastSwiftUpdateCheck = 0920;
				LastUpgradeCheck = 0920;
				ORGANIZATIONNAME = MacStudent;
				TargetAttributes = {
					9B08937D202C3F400092BCC9 = {
						CreatedOnToolsVersion = 9.2;
						ProvisioningStyle = Automatic;
					};
				};
			};
			buildConfigurationList = 9B089379202C3F400092BCC9 /* Build configuration list for PBXProject "Day9" */;
			compatibilityVersion = "Xcode 8.0";
			developmentRegion = en;
			hasScannedForEncodings = 0;
			knownRegions = (
				en,
			);
			mainGroup = 9B089375202C3F400092BCC9;
			productRefGroup = 9B08937F202C3F400092BCC9 /* Products */;
			projectDirPath = "";
			projectRoot = "";
			targets = (
				9B08937D202C3F400092BCC9 /* Day9 */,
			);
		};
/* End PBXProject section */

/* Begin PBXSourcesBuildPhase section */
		9B08937A202C3F400092BCC9 /* Sources */ = {
			isa = PBXSourcesBuildPhase;
			buildActionMask = 2147483647;
			files = (
				9B089391202C49E00092BCC9 /* manufacturer.swift in Sources */,
				9B089382202C3F400092BCC9 /* main.swift in Sources */,
				9B089395202C51020092BCC9 /* preference.swift in Sources */,
				9B089389202C3F540092BCC9 /* product.swift in Sources */,
				9B089393202C4BF70092BCC9 /* vehicle.swift in Sources */,
				9B08938D202C45320092BCC9 /* person.swift in Sources */,
				9B08938F202C45430092BCC9 /* license.swift in Sources */,
				9B08938B202C423B0092BCC9 /* cartitem.swift in Sources */,
			);
			runOnlyForDeploymentPostprocessing = 0;
		};
/* End PBXSourcesBuildPhase section */

/* Begin XCBuildConfiguration section */
		9B089383202C3F400092BCC9 /* Debug */ = {
			isa = XCBuildConfiguration;
			buildSettings = {
				ALWAYS_SEARCH_USER_PATHS = NO;
				CLANG_ANALYZER_NONNULL = YES;
				CLANG_ANALYZER_NUMBER_OBJECT_CONVERSION = YES_AGGRESSIVE;
				CLANG_CXX_LANGUAGE_STANDARD = "gnu++14";
				CLANG_CXX_LIBRARY = "libc++";
				CLANG_ENABLE_MODULES = YES;
				CLANG_ENABLE_OBJC_ARC = YES;
				CLANG_WARN_BLOCK_CAPTURE_AUTORELEASING = YES;
				CLANG_WARN_BOOL_CONVERSION = YES;
				CLANG_WARN_COMMA = YES;
				CLANG_WARN_CONSTANT_CONVERSION = YES;
				CLANG_WARN_DIRECT_OBJC_ISA_USAGE = YES_ERROR;
				CLANG_WARN_DOCUMENTATION_COMMENTS = YES;
				CLANG_WARN_EMPTY_BODY = YES;
				CLANG_WARN_ENUM_CONVERSION = YES;
				CLANG_WARN_INFINITE_RECURSION = YES;
				CLANG_WARN_INT_CONVERSION = YES;
				CLANG_WARN_NON_LITERAL_NULL_CONVERSION = YES;
				CLANG_WARN_OBJC_LITERAL_CONVERSION = YES;
				CLANG_WARN_OBJC_ROOT_CLASS = YES_ERROR;
				CLANG_WARN_RANGE_LOOP_ANALYSIS = YES;
				CLANG_WARN_STRICT_PROTOTYPES = YES;
				CLANG_WARN_SUSPICIOUS_MOVE = YES;
				CLANG_WARN_UNGUARDED_AVAILABILITY = YES_AGGRESSIVE;
				CLANG_WARN_UNREACHABLE_CODE = YES;
				CLANG_WARN__DUPLICATE_METHOD_MATCH = YES;
				CODE_SIGN_IDENTITY = "-";
				COPY_PHASE_STRIP = NO;
				DEBUG_INFORMATION_FORMAT = dwarf;
				ENABLE_STRICT_OBJC_MSGSEND = YES;
				ENABLE_TESTABILITY = YES;
				GCC_C_LANGUAGE_STANDARD = gnu11;
				GCC_DYNAMIC_NO_PIC = NO;
				GCC_NO_COMMON_BLOCKS = YES;
				GCC_OPTIMIZATION_LEVEL = 0;
				GCC_PREPROCESSOR_DEFINITIONS = (
					"DEBUG=1",
					"$(inherited)",
				);
				GCC_WARN_64_TO_32_BIT_CONVERSION = YES;
				GCC_WARN_ABOUT_RETURN_TYPE = YES_ERROR;
				GCC_WARN_UNDECLARED_SELECTOR = YES;
				GCC_WARN_UNINITIALIZED_AUTOS = YES_AGGRESSIVE;
				GCC_WARN_UNUSED_FUNCTION = YES;
				GCC_WARN_UNUSED_VARIABLE = YES;
				MACOSX_DEPLOYMENT_TARGET = 10.13;
				MTL_ENABLE_DEBUG_INFO = YES;
				ONLY_ACTIVE_ARCH = YES;
				SDKROOT = macosx;
				SWIFT_ACTIVE_COMPILATION_CONDITIONS = DEBUG;
				SWIFT_OPTIMIZATION_LEVEL = "-Onone";
			};
			name = Debug;
		};
		9B089384202C3F400092BCC9 /* Release */ = {
			isa = XCBuildConfiguration;
			buildSettings = {
				ALWAYS_SEARCH_USER_PATHS = NO;
				CLANG_ANALYZER_NONNULL = YES;
				CLANG_ANALYZER_NUMBER_OBJECT_CONVERSION = YES_AGGRESSIVE;
				CLANG_CXX_LANGUAGE_STANDARD = "gnu++14";
				CLANG_CXX_LIBRARY = "libc++";
				CLANG_ENABLE_MODULES = YES;
				CLANG_ENABLE_OBJC_ARC = YES;
				CLANG_WARN_BLOCK_CAPTURE_AUTORELEASING = YES;
				CLANG_WARN_BOOL_CONVERSION = YES;
				CLANG_WARN_COMMA = YES;
				CLANG_WARN_CONSTANT_CONVERSION = YES;
				CLANG_WARN_DIRECT_OBJC_ISA_USAGE = YES_ERROR;
				CLANG_WARN_DOCUMENTATION_COMMENTS = YES;
				CLANG_WARN_EMPTY_BODY = YES;
				CLANG_WARN_ENUM_CONVERSION = YES;
				CLANG_WARN_INFINITE_RECURSION = YES;
				CLANG_WARN_INT_CONVERSION = YES;
				CLANG_WARN_NON_LITERAL_NULL_CONVERSION = YES;
				CLANG_WARN_OBJC_LITERAL_CONVERSION = YES;
				CLANG_WARN_OBJC_ROOT_CLASS = YES_ERROR;
				CLANG_WARN_RANGE_LOOP_ANALYSIS = YES;
				CLANG_WARN_STRICT_PROTOTYPES = YES;
				CLANG_WARN_SUSPICIOUS_MOVE = YES;
				CLANG_WARN_UNGUARDED_AVAILABILITY = YES_AGGRESSIVE;
				CLANG_WARN_UNREACHABLE_CODE = YES;
				CLANG_WARN__DUPLICATE_METHOD_MATCH = YES;
				CODE_SIGN_IDENTITY = "-";
				COPY_PHASE_STRIP = NO;
				DEBUG_INFORMATION_FORMAT = "dwarf-with-dsym";
				ENABLE_NS_ASSERTIONS = NO;
				ENABLE_STRICT_OBJC_MSGSEND = YES;
				GCC_C_LANGUAGE_STANDARD = gnu11;
				GCC_NO_COMMON_BLOCKS = YES;
				GCC_WARN_64_TO_32_BIT_CONVERSION = YES;
				GCC_WARN_ABOUT_RETURN_TYPE = YES_ERROR;
				GCC_WARN_UNDECLARED_SELECTOR = YES;
				GCC_WARN_UNINITIALIZED_AUTOS = YES_AGGRESSIVE;
				GCC_WARN_UNUSED_FUNCTION = YES;
				GCC_WARN_UNUSED_VARIABLE = YES;
				MACOSX_DEPLOYMENT_TARGET = 10.13;
				MTL_ENABLE_DEBUG_INFO = NO;
				SDKROOT = macosx;
				SWIFT_OPTIMIZATION_LEVEL = "-Owholemodule";
			};
			name = Release;
		};
		9B089386202C3F400092BCC9 /* Debug */ = {
			isa = XCBuildConfiguration;
			buildSettings = {
				CODE_SIGN_STYLE = Automatic;
				PRODUCT_NAME = "$(TARGET_NAME)";
				SWIFT_VERSION = 4.0;
			};
			name = Debug;
		};
		9B089387202C3F400092BCC9 /* Release */ = {
			isa = XCBuildConfiguration;
			buildSettings = {
				CODE_SIGN_STYLE = Automatic;
				PRODUCT_NAME = "$(TARGET_NAME)";
				SWIFT_VERSION = 4.0;
			};
			name = Release;
		};
/* End XCBuildConfiguration section */

/* Begin XCConfigurationList section */
		9B089379202C3F400092BCC9 /* Build configuration list for PBXProject "Day9" */ = {
			isa = XCConfigurationList;
			buildConfigurations = (
				9B089383202C3F400092BCC9 /* Debug */,
				9B089384202C3F400092BCC9 /* Release */,
			);
			defaultConfigurationIsVisible = 0;
			defaultConfigurationName = Release;
		};
		9B089385202C3F400092BCC9 /* Build configuration list for PBXNativeTarget "Day9" */ = {
			isa = XCConfigurationList;
			buildConfigurations = (
				9B089386202C3F400092BCC9 /* Debug */,
				9B089387202C3F400092BCC9 /* Release */,
			);
			defaultConfigurationIsVisible = 0;
			defaultConfigurationName = Release;
		};
/* End XCConfigurationList section */
	};
	rootObject = 9B089376202C3F400092BCC9 /* Project object */;
}
